
Microsoft Visual Studio Solution File, Format Version 12.00
# Visual Studio Version 17
VisualStudioVersion = 17.14.36930.0 d17.14
MinimumVisualStudioVersion = 10.0.40219.1
Project("{FAE04EC0-301F-11D3-BF4B-00C04F79EFBC}") = "Smash_Bros", "Smash_Bros\Smash_Bros.csproj", "{AEB39A7F-45A0-41C9-A847-3390440CA7E7}"
EndProject
Global
	GlobalSection(SolutionConfigurationPlatforms) = preSolution
		Debug|Any CPU = Debug|Any CPU
		Release|Any CPU = Release|Any CPU
	EndGlobalSection
	GlobalSection(ProjectConfigurationPlatforms) = postSolution
		{AEB39A7F-45A0-41C9-A847-3390440CA7E7}.Debug|Any CPU.ActiveCfg = Debug|Any CPU
		{AEB39A7F-45A0-41C9-A847-3390440CA7E7}.Debug|Any CPU.Build.0 = Debug|Any CPU
		{AEB39A7F-45A0-41C9-A847-3390440CA7E7}.Release|Any CPU.ActiveCfg = Release|Any CPU
		{AEB39A7F-45A0-41C9-A847-3390440CA7E7}.Release|Any CPU.Build.0 = Release|Any CPU
	EndGlobalSection
	GlobalSection(SolutionProperties) = preSolution
		HideSolutionNode = FALSE
	EndGlobalSection
	GlobalSection(ExtensibilityGlobals) = postSolution
		SolutionGuid = {9683BD04-8C47-46F8-BE21-B340BB812AFE}
	EndGlobalSection
EndGlobal
